
Microsoft Visual Studio Solution File, Format Version 12.00
# Visual Studio Version 17
VisualStudioVersion = 17.14.36429.23
MinimumVisualStudioVersion = 10.0.40219.1
Project("{2150E333-8FDC-42A3-9474-1A3956D46DE8}") = "Task0", "Task0", "{02EA681E-C7D8-13C7-8484-4AC65E1B71E8}"
EndProject
Project("{FAE04EC0-301F-11D3-BF4B-00C04F79EFBC}") = "Tyuiu.VlasenkoAE.Sprint4.Task0.V12", "Tyuiu.VlasenkoAE.Sprint4.Task0.V12\Tyuiu.VlasenkoAE.Sprint4.Task0.V12.csproj", "{47088B17-2C0D-4E28-B823-C0C1B4C68678}"
EndProject
Project("{FAE04EC0-301F-11D3-BF4B-00C04F79EFBC}") = "Tyuiu.VlasenkoAE.Sprint4.Task0.V12.Lib", "Tyuiu.VlasenkoAE.Sprint4.Task0.V12.Lib\Tyuiu.VlasenkoAE.Sprint4.Task0.V12.Lib.csproj", "{4B62F4BF-8301-48DB-A64B-3A823BA999ED}"
EndProject
Project("{FAE04EC0-301F-11D3-BF4B-00C04F79EFBC}") = "Tyuiu.VlasenkoAE.Sprint4.Task0.V12.Test", "Tyuiu.VlasenkoAE.Sprint4.Task0.V12.Test\Tyuiu.VlasenkoAE.Sprint4.Task0.V12.Test.csproj", "{5EDDA808-7652-4CA4-9FBE-5F5AF058CEB0}"
EndProject
Project("{2150E333-8FDC-42A3-9474-1A3956D46DE8}") = "Task1", "Task1", "{3E798AA6-128C-4D9D-88EF-400F70CA30F8}"
EndProject
Project("{FAE04EC0-301F-11D3-BF4B-00C04F79EFBC}") = "Tyuiu.VlasenkoAE.Sprint4.Task1.V8", "Tyuiu.VlasenkoAE.Sprint4.Task1.V8\Tyuiu.VlasenkoAE.Sprint4.Task1.V8.csproj", "{8006154C-7806-468E-A972-26283F08CE56}"
EndProject
Project("{FAE04EC0-301F-11D3-BF4B-00C04F79EFBC}") = "Tyuiu.VlasenkoAE.Sprint4.Task1.V8.Lib", "Tyuiu.VlasenkoAE.Sprint4.Task1.V8.Lib\Tyuiu.VlasenkoAE.Sprint4.Task1.V8.Lib.csproj", "{87B8233C-8C8D-409F-98FD-1672EC47176D}"
EndProject
Project("{FAE04EC0-301F-11D3-BF4B-00C04F79EFBC}") = "Tyuiu.VlasenkoAE.Sprint4.Task1.V8.Test", "Tyuiu.VlasenkoAE.Sprint4.Task1.V8.Test\Tyuiu.VlasenkoAE.Sprint4.Task1.V8.Test.csproj", "{F7E7D88D-A643-4B1F-B7EA-F5D0BEF3F139}"
EndProject
Project("{2150E333-8FDC-42A3-9474-1A3956D46DE8}") = "Task2", "Task2", "{AF7327EA-C81D-41B8-BDD9-B7488A66C7C7}"
EndProject
Project("{FAE04EC0-301F-11D3-BF4B-00C04F79EFBC}") = "Tyuiu.VlasenkoAE.Sprint4.Task2.V11", "Tyuiu.VlasenkoAE.Sprint4.Task2.V11\Tyuiu.VlasenkoAE.Sprint4.Task2.V11.csproj", "{972CB7DC-35C2-4CC9-B596-928E9F4E4342}"
EndProject
Project("{FAE04EC0-301F-11D3-BF4B-00C04F79EFBC}") = "Tyuiu.VlasenkoAE.Sprint4.Task2.V11.Lib", "Tyuiu.VlasenkoAE.Sprint4.Task2.V11.Lib\Tyuiu.VlasenkoAE.Sprint4.Task2.V11.Lib.csproj", "{53A67FC6-62E1-49D2-B67B-9EEF3530568C}"
EndProject
Project("{FAE04EC0-301F-11D3-BF4B-00C04F79EFBC}") = "Tyuiu.VlasenkoAE.Sprint4.Task2.V11.Test", "Tyuiu.VlasenkoAE.Sprint4.Task2.V11.Test\Tyuiu.VlasenkoAE.Sprint4.Task2.V11.Test.csproj", "{DCCD91D6-F6ED-4EAA-8D1B-841FFABF31D4}"
EndProject
Project("{2150E333-8FDC-42A3-9474-1A3956D46DE8}") = "Task3", "Task3", "{624212E1-5DA6-4833-8130-11B9AB0E72D9}"
EndProject
Project("{FAE04EC0-301F-11D3-BF4B-00C04F79EFBC}") = "Tyuiu.VlasenkoAE.Sprint4.Task3.V8", "Tyuiu.VlasenkoAE.Sprint4.Task3.V8\Tyuiu.VlasenkoAE.Sprint4.Task3.V8.csproj", "{9EFADC58-4B0D-4857-AFA1-1218E21972DE}"
EndProject
Project("{FAE04EC0-301F-11D3-BF4B-00C04F79EFBC}") = "Tyuiu.VlasenkoAE.Sprint4.Task3.V8.Lib", "Tyuiu.VlasenkoAE.Sprint4.Task3.V8.Lib\Tyuiu.VlasenkoAE.Sprint4.Task3.V8.Lib.csproj", "{729755D7-86FC-4589-A8F8-E6555D2FD488}"
EndProject
Project("{FAE04EC0-301F-11D3-BF4B-00C04F79EFBC}") = "Tyuiu.VlasenkoAE.Sprint4.Task3.V8.Test", "Tyuiu.VlasenkoAE.Sprint4.Task3.V8.Test\Tyuiu.VlasenkoAE.Sprint4.Task3.V8.Test.csproj", "{39103C68-45F9-46F5-A455-F5691BDF4F58}"
EndProject
Project("{2150E333-8FDC-42A3-9474-1A3956D46DE8}") = "Task4", "Task4", "{384EF528-181B-49DE-8EF5-C07F538EBA39}"
EndProject
Project("{FAE04EC0-301F-11D3-BF4B-00C04F79EFBC}") = "Tyuiu.VlasenkoAE.Sprint4.Task4.V20", "Tyuiu.VlasenkoAE.Sprint4.Task4.V20\Tyuiu.VlasenkoAE.Sprint4.Task4.V20.csproj", "{7AB9DA6E-5ECD-4178-9B15-143605A621E8}"
EndProject
Project("{FAE04EC0-301F-11D3-BF4B-00C04F79EFBC}") = "Tyuiu.VlasenkoAE.Sprint4.Task4.V20.Lib", "Tyuiu.VlasenkoAE.Sprint4.Task4.V20.Lib\Tyuiu.VlasenkoAE.Sprint4.Task4.V20.Lib.csproj", "{57A6AFF1-DA07-4A8F-A0E1-116716230C2A}"
EndProject
Project("{FAE04EC0-301F-11D3-BF4B-00C04F79EFBC}") = "Tyuiu.VlasenkoAE.Sprint4.Task4.V20.Test", "Tyuiu.VlasenkoAE.Sprint4.Task4.V20.Test\Tyuiu.VlasenkoAE.Sprint4.Task4.V20.Test.csproj", "{09D86100-9D9C-4FD7-A3A7-D6D71D186C8E}"
EndProject
Project("{2150E333-8FDC-42A3-9474-1A3956D46DE8}") = "Task5", "Task5", "{E58669E6-5D5C-46A6-ABE6-7AA5031CB0D9}"
EndProject
Project("{FAE04EC0-301F-11D3-BF4B-00C04F79EFBC}") = "Tyuiu.VlasenkoAE.Sprint4.Task5.V26", "Tyuiu.VlasenkoAE.Sprint4.Task5.V26\Tyuiu.VlasenkoAE.Sprint4.Task5.V26.csproj", "{54DA613E-20A6-4818-B5B9-EB4F761BC08B}"
EndProject
Project("{FAE04EC0-301F-11D3-BF4B-00C04F79EFBC}") = "Tyuiu.VlasenkoAE.Sprint4.Task5.V26.Lib", "Tyuiu.VlasenkoAE.Sprint4.Task5.V26.Lib\Tyuiu.VlasenkoAE.Sprint4.Task5.V26.Lib.csproj", "{40584E37-0D4D-4AB3-B78D-C43D39912A9B}"
EndProject
Project("{FAE04EC0-301F-11D3-BF4B-00C04F79EFBC}") = "Tyuiu.VlasenkoAE.Sprint4.Task5.V26.Test", "Tyuiu.VlasenkoAE.Sprint4.Task5.V26.Test\Tyuiu.VlasenkoAE.Sprint4.Task5.V26.Test.csproj", "{0DAD47F1-799D-49AC-BEB9-42CC59CE609A}"
EndProject
Project("{2150E333-8FDC-42A3-9474-1A3956D46DE8}") = "Task6", "Task6", "{86D34083-B194-42B3-A3FC-6A317626BE20}"
EndProject
Project("{FAE04EC0-301F-11D3-BF4B-00C04F79EFBC}") = "Tyuiu.VlasenkoAE.Sprint4.Task6.V18", "Tyuiu.VlasenkoAE.Sprint4.Task6.V18\Tyuiu.VlasenkoAE.Sprint4.Task6.V18.csproj", "{0F3637DB-D821-40D2-9525-2A2D0829CA08}"
EndProject
Project("{FAE04EC0-301F-11D3-BF4B-00C04F79EFBC}") = "Tyuiu.VlasenkoAE.Sprint4.Task6.V18.Lib", "Tyuiu.VlasenkoAE.Sprint4.Task6.V18.Lib\Tyuiu.VlasenkoAE.Sprint4.Task6.V18.Lib.csproj", "{ECA0CED7-86C1-4D7B-A326-402F52E082F1}"
EndProject
Project("{FAE04EC0-301F-11D3-BF4B-00C04F79EFBC}") = "Tyuiu.VlasenkoAE.Sprint4.Task6.V18.Test", "Tyuiu.VlasenkoAE.Sprint4.Task6.V18.Test\Tyuiu.VlasenkoAE.Sprint4.Task6.V18.Test.csproj", "{6817D345-58D3-4E71-9173-48D5AB5C7EB3}"
EndProject
Project("{2150E333-8FDC-42A3-9474-1A3956D46DE8}") = "Task7", "Task7", "{99EC8DA5-9C71-4E96-A63F-2751D0F4849D}"
EndProject
Project("{FAE04EC0-301F-11D3-BF4B-00C04F79EFBC}") = "Tyuiu.VlasenkoAE.Sprint4.Task7.V10", "Tyuiu.VlasenkoAE.Sprint4.Task7.V10\Tyuiu.VlasenkoAE.Sprint4.Task7.V10.csproj", "{2EF43497-6061-4C51-8BE5-5CF7A40F92BF}"
EndProject
Project("{FAE04EC0-301F-11D3-BF4B-00C04F79EFBC}") = "Tyuiu.VlasenkoAE.Sprint4.Task7.V10.Lib", "Tyuiu.VlasenkoAE.Sprint4.Task7.V10.Lib\Tyuiu.VlasenkoAE.Sprint4.Task7.V10.Lib.csproj", "{EADAEF1E-6DF2-48D8-8518-A420465702BD}"
EndProject
Project("{FAE04EC0-301F-11D3-BF4B-00C04F79EFBC}") = "Tyuiu.VlasenkoAE.Sprint4.Task7.V10.Test", "Tyuiu.VlasenkoAE.Sprint4.Task7.V10.Test\Tyuiu.VlasenkoAE.Sprint4.Task7.V10.Test.csproj", "{F6BC293A-6B5F-4099-B03B-DEDA8886F236}"
EndProject
Global
	GlobalSection(SolutionConfigurationPlatforms) = preSolution
		Debug|Any CPU = Debug|Any CPU
		Release|Any CPU = Release|Any CPU
	EndGlobalSection
	GlobalSection(ProjectConfigurationPlatforms) = postSolution
		{47088B17-2C0D-4E28-B823-C0C1B4C68678}.Debug|Any CPU.ActiveCfg = Debug|Any CPU
		{47088B17-2C0D-4E28-B823-C0C1B4C68678}.Debug|Any CPU.Build.0 = Debug|Any CPU
		{47088B17-2C0D-4E28-B823-C0C1B4C68678}.Release|Any CPU.ActiveCfg = Release|Any CPU
		{47088B17-2C0D-4E28-B823-C0C1B4C68678}.Release|Any CPU.Build.0 = Release|Any CPU
		{4B62F4BF-8301-48DB-A64B-3A823BA999ED}.Debug|Any CPU.ActiveCfg = Debug|Any CPU
		{4B62F4BF-8301-48DB-A64B-3A823BA999ED}.Debug|Any CPU.Build.0 = Debug|Any CPU
		{4B62F4BF-8301-48DB-A64B-3A823BA999ED}.Release|Any CPU.ActiveCfg = Release|Any CPU
		{4B62F4BF-8301-48DB-A64B-3A823BA999ED}.Release|Any CPU.Build.0 = Release|Any CPU
		{5EDDA808-7652-4CA4-9FBE-5F5AF058CEB0}.Debug|Any CPU.ActiveCfg = Debug|Any CPU
		{5EDDA808-7652-4CA4-9FBE-5F5AF058CEB0}.Debug|Any CPU.Build.0 = Debug|Any CPU
		{5EDDA808-7652-4CA4-9FBE-5F5AF058CEB0}.Release|Any CPU.ActiveCfg = Release|Any CPU
		{5EDDA808-7652-4CA4-9FBE-5F5AF058CEB0}.Release|Any CPU.Build.0 = Release|Any CPU
		{8006154C-7806-468E-A972-26283F08CE56}.Debug|Any CPU.ActiveCfg = Debug|Any CPU
		{8006154C-7806-468E-A972-26283F08CE56}.Debug|Any CPU.Build.0 = Debug|Any CPU
		{8006154C-7806-468E-A972-26283F08CE56}.Release|Any CPU.ActiveCfg = Release|Any CPU
		{8006154C-7806-468E-A972-26283F08CE56}.Release|Any CPU.Build.0 = Release|Any CPU
		{87B8233C-8C8D-409F-98FD-1672EC47176D}.Debug|Any CPU.ActiveCfg = Debug|Any CPU
		{87B8233C-8C8D-409F-98FD-1672EC47176D}.Debug|Any CPU.Build.0 = Debug|Any CPU
		{87B8233C-8C8D-409F-98FD-1672EC47176D}.Release|Any CPU.ActiveCfg = Release|Any CPU
		{87B8233C-8C8D-409F-98FD-1672EC47176D}.Release|Any CPU.Build.0 = Release|Any CPU
		{F7E7D88D-A643-4B1F-B7EA-F5D0BEF3F139}.Debug|Any CPU.ActiveCfg = Debug|Any CPU
		{F7E7D88D-A643-4B1F-B7EA-F5D0BEF3F139}.Debug|Any CPU.Build.0 = Debug|Any CPU
		{F7E7D88D-A643-4B1F-B7EA-F5D0BEF3F139}.Release|Any CPU.ActiveCfg = Release|Any CPU
		{F7E7D88D-A643-4B1F-B7EA-F5D0BEF3F139}.Release|Any CPU.Build.0 = Release|Any CPU
		{972CB7DC-35C2-4CC9-B596-928E9F4E4342}.Debug|Any CPU.ActiveCfg = Debug|Any CPU
		{972CB7DC-35C2-4CC9-B596-928E9F4E4342}.Debug|Any CPU.Build.0 = Debug|Any CPU
		{972CB7DC-35C2-4CC9-B596-928E9F4E4342}.Release|Any CPU.ActiveCfg = Release|Any CPU
		{972CB7DC-35C2-4CC9-B596-928E9F4E4342}.Release|Any CPU.Build.0 = Release|Any CPU
		{53A67FC6-62E1-49D2-B67B-9EEF3530568C}.Debug|Any CPU.ActiveCfg = Debug|Any CPU
		{53A67FC6-62E1-49D2-B67B-9EEF3530568C}.Debug|Any CPU.Build.0 = Debug|Any CPU
		{53A67FC6-62E1-49D2-B67B-9EEF3530568C}.Release|Any CPU.ActiveCfg = Release|Any CPU
		{53A67FC6-62E1-49D2-B67B-9EEF3530568C}.Release|Any CPU.Build.0 = Release|Any CPU
		{DCCD91D6-F6ED-4EAA-8D1B-841FFABF31D4}.Debug|Any CPU.ActiveCfg = Debug|Any CPU
		{DCCD91D6-F6ED-4EAA-8D1B-841FFABF31D4}.Debug|Any CPU.Build.0 = Debug|Any CPU
		{DCCD91D6-F6ED-4EAA-8D1B-841FFABF31D4}.Release|Any CPU.ActiveCfg = Release|Any CPU
		{DCCD91D6-F6ED-4EAA-8D1B-841FFABF31D4}.Release|Any CPU.Build.0 = Release|Any CPU
		{9EFADC58-4B0D-4857-AFA1-1218E21972DE}.Debug|Any CPU.ActiveCfg = Debug|Any CPU
		{9EFADC58-4B0D-4857-AFA1-1218E21972DE}.Debug|Any CPU.Build.0 = Debug|Any CPU
		{9EFADC58-4B0D-4857-AFA1-1218E21972DE}.Release|Any CPU.ActiveCfg = Release|Any CPU
		{9EFADC58-4B0D-4857-AFA1-1218E21972DE}.Release|Any CPU.Build.0 = Release|Any CPU
		{729755D7-86FC-4589-A8F8-E6555D2FD488}.Debug|Any CPU.ActiveCfg = Debug|Any CPU
		{729755D7-86FC-4589-A8F8-E6555D2FD488}.Debug|Any CPU.Build.0 = Debug|Any CPU
		{729755D7-86FC-4589-A8F8-E6555D2FD488}.Release|Any CPU.ActiveCfg = Release|Any CPU
		{729755D7-86FC-4589-A8F8-E6555D2FD488}.Release|Any CPU.Build.0 = Release|Any CPU
		{39103C68-45F9-46F5-A455-F5691BDF4F58}.Debug|Any CPU.ActiveCfg = Debug|Any CPU
		{39103C68-45F9-46F5-A455-F5691BDF4F58}.Debug|Any CPU.Build.0 = Debug|Any CPU
		{39103C68-45F9-46F5-A455-F5691BDF4F58}.Release|Any CPU.ActiveCfg = Release|Any CPU
		{39103C68-45F9-46F5-A455-F5691BDF4F58}.Release|Any CPU.Build.0 = Release|Any CPU
		{7AB9DA6E-5ECD-4178-9B15-143605A621E8}.Debug|Any CPU.ActiveCfg = Debug|Any CPU
		{7AB9DA6E-5ECD-4178-9B15-143605A621E8}.Debug|Any CPU.Build.0 = Debug|Any CPU
		{7AB9DA6E-5ECD-4178-9B15-143605A621E8}.Release|Any CPU.ActiveCfg = Release|Any CPU
		{7AB9DA6E-5ECD-4178-9B15-143605A621E8}.Release|Any CPU.Build.0 = Release|Any CPU
		{57A6AFF1-DA07-4A8F-A0E1-116716230C2A}.Debug|Any CPU.ActiveCfg = Debug|Any CPU
		{57A6AFF1-DA07-4A8F-A0E1-116716230C2A}.Debug|Any CPU.Build.0 = Debug|Any CPU
		{57A6AFF1-DA07-4A8F-A0E1-116716230C2A}.Release|Any CPU.ActiveCfg = Release|Any CPU
		{57A6AFF1-DA07-4A8F-A0E1-116716230C2A}.Release|Any CPU.Build.0 = Release|Any CPU
		{09D86100-9D9C-4FD7-A3A7-D6D71D186C8E}.Debug|Any CPU.ActiveCfg = Debug|Any CPU
		{09D86100-9D9C-4FD7-A3A7-D6D71D186C8E}.Debug|Any CPU.Build.0 = Debug|Any CPU
		{09D86100-9D9C-4FD7-A3A7-D6D71D186C8E}.Release|Any CPU.ActiveCfg = Release|Any CPU
		{09D86100-9D9C-4FD7-A3A7-D6D71D186C8E}.Release|Any CPU.Build.0 = Release|Any CPU
		{54DA613E-20A6-4818-B5B9-EB4F761BC08B}.Debug|Any CPU.ActiveCfg = Debug|Any CPU
		{54DA613E-20A6-4818-B5B9-EB4F761BC08B}.Debug|Any CPU.Build.0 = Debug|Any CPU
		{54DA613E-20A6-4818-B5B9-EB4F761BC08B}.Release|Any CPU.ActiveCfg = Release|Any CPU
		{54DA613E-20A6-4818-B5B9-EB4F761BC08B}.Release|Any CPU.Build.0 = Release|Any CPU
		{40584E37-0D4D-4AB3-B78D-C43D39912A9B}.Debug|Any CPU.ActiveCfg = Debug|Any CPU
		{40584E37-0D4D-4AB3-B78D-C43D39912A9B}.Debug|Any CPU.Build.0 = Debug|Any CPU
		{40584E37-0D4D-4AB3-B78D-C43D39912A9B}.Release|Any CPU.ActiveCfg = Release|Any CPU
		{40584E37-0D4D-4AB3-B78D-C43D39912A9B}.Release|Any CPU.Build.0 = Release|Any CPU
		{0DAD47F1-799D-49AC-BEB9-42CC59CE609A}.Debug|Any CPU.ActiveCfg = Debug|Any CPU
		{0DAD47F1-799D-49AC-BEB9-42CC59CE609A}.Debug|Any CPU.Build.0 = Debug|Any CPU
		{0DAD47F1-799D-49AC-BEB9-42CC59CE609A}.Release|Any CPU.ActiveCfg = Release|Any CPU
		{0DAD47F1-799D-49AC-BEB9-42CC59CE609A}.Release|Any CPU.Build.0 = Release|Any CPU
		{0F3637DB-D821-40D2-9525-2A2D0829CA08}.Debug|Any CPU.ActiveCfg = Debug|Any CPU
		{0F3637DB-D821-40D2-9525-2A2D0829CA08}.Debug|Any CPU.Build.0 = Debug|Any CPU
		{0F3637DB-D821-40D2-9525-2A2D0829CA08}.Release|Any CPU.ActiveCfg = Release|Any CPU
		{0F3637DB-D821-40D2-9525-2A2D0829CA08}.Release|Any CPU.Build.0 = Release|Any CPU
		{ECA0CED7-86C1-4D7B-A326-402F52E082F1}.Debug|Any CPU.ActiveCfg = Debug|Any CPU
		{ECA0CED7-86C1-4D7B-A326-402F52E082F1}.Debug|Any CPU.Build.0 = Debug|Any CPU
		{ECA0CED7-86C1-4D7B-A326-402F52E082F1}.Release|Any CPU.ActiveCfg = Release|Any CPU
		{ECA0CED7-86C1-4D7B-A326-402F52E082F1}.Release|Any CPU.Build.0 = Release|Any CPU
		{6817D345-58D3-4E71-9173-48D5AB5C7EB3}.Debug|Any CPU.ActiveCfg = Debug|Any CPU
		{6817D345-58D3-4E71-9173-48D5AB5C7EB3}.Debug|Any CPU.Build.0 = Debug|Any CPU
		{6817D345-58D3-4E71-9173-48D5AB5C7EB3}.Release|Any CPU.ActiveCfg = Release|Any CPU
		{6817D345-58D3-4E71-9173-48D5AB5C7EB3}.Release|Any CPU.Build.0 = Release|Any CPU
		{2EF43497-6061-4C51-8BE5-5CF7A40F92BF}.Debug|Any CPU.ActiveCfg = Debug|Any CPU
		{2EF43497-6061-4C51-8BE5-5CF7A40F92BF}.Debug|Any CPU.Build.0 = Debug|Any CPU
		{2EF43497-6061-4C51-8BE5-5CF7A40F92BF}.Release|Any CPU.ActiveCfg = Release|Any CPU
		{2EF43497-6061-4C51-8BE5-5CF7A40F92BF}.Release|Any CPU.Build.0 = Release|Any CPU
		{EADAEF1E-6DF2-48D8-8518-A420465702BD}.Debug|Any CPU.ActiveCfg = Debug|Any CPU
		{EADAEF1E-6DF2-48D8-8518-A420465702BD}.Debug|Any CPU.Build.0 = Debug|Any CPU
		{EADAEF1E-6DF2-48D8-8518-A420465702BD}.Release|Any CPU.ActiveCfg = Release|Any CPU
		{EADAEF1E-6DF2-48D8-8518-A420465702BD}.Release|Any CPU.Build.0 = Release|Any CPU
		{F6BC293A-6B5F-4099-B03B-DEDA8886F236}.Debug|Any CPU.ActiveCfg = Debug|Any CPU
		{F6BC293A-6B5F-4099-B03B-DEDA8886F236}.Debug|Any CPU.Build.0 = Debug|Any CPU
		{F6BC293A-6B5F-4099-B03B-DEDA8886F236}.Release|Any CPU.ActiveCfg = Release|Any CPU
		{F6BC293A-6B5F-4099-B03B-DEDA8886F236}.Release|Any CPU.Build.0 = Release|Any CPU
	EndGlobalSection
	GlobalSection(SolutionProperties) = preSolution
		HideSolutionNode = FALSE
	EndGlobalSection
	GlobalSection(NestedProjects) = preSolution
		{47088B17-2C0D-4E28-B823-C0C1B4C68678} = {02EA681E-C7D8-13C7-8484-4AC65E1B71E8}
		{4B62F4BF-8301-48DB-A64B-3A823BA999ED} = {02EA681E-C7D8-13C7-8484-4AC65E1B71E8}
		{5EDDA808-7652-4CA4-9FBE-5F5AF058CEB0} = {02EA681E-C7D8-13C7-8484-4AC65E1B71E8}
		{8006154C-7806-468E-A972-26283F08CE56} = {3E798AA6-128C-4D9D-88EF-400F70CA30F8}
		{87B8233C-8C8D-409F-98FD-1672EC47176D} = {3E798AA6-128C-4D9D-88EF-400F70CA30F8}
		{F7E7D88D-A643-4B1F-B7EA-F5D0BEF3F139} = {3E798AA6-128C-4D9D-88EF-400F70CA30F8}
		{972CB7DC-35C2-4CC9-B596-928E9F4E4342} = {AF7327EA-C81D-41B8-BDD9-B7488A66C7C7}
		{53A67FC6-62E1-49D2-B67B-9EEF3530568C} = {AF7327EA-C81D-41B8-BDD9-B7488A66C7C7}
		{DCCD91D6-F6ED-4EAA-8D1B-841FFABF31D4} = {AF7327EA-C81D-41B8-BDD9-B7488A66C7C7}
		{9EFADC58-4B0D-4857-AFA1-1218E21972DE} = {624212E1-5DA6-4833-8130-11B9AB0E72D9}
		{729755D7-86FC-4589-A8F8-E6555D2FD488} = {624212E1-5DA6-4833-8130-11B9AB0E72D9}
		{39103C68-45F9-46F5-A455-F5691BDF4F58} = {624212E1-5DA6-4833-8130-11B9AB0E72D9}
		{7AB9DA6E-5ECD-4178-9B15-143605A621E8} = {384EF528-181B-49DE-8EF5-C07F538EBA39}
		{57A6AFF1-DA07-4A8F-A0E1-116716230C2A} = {384EF528-181B-49DE-8EF5-C07F538EBA39}
		{09D86100-9D9C-4FD7-A3A7-D6D71D186C8E} = {384EF528-181B-49DE-8EF5-C07F538EBA39}
		{54DA613E-20A6-4818-B5B9-EB4F761BC08B} = {E58669E6-5D5C-46A6-ABE6-7AA5031CB0D9}
		{40584E37-0D4D-4AB3-B78D-C43D39912A9B} = {E58669E6-5D5C-46A6-ABE6-7AA5031CB0D9}
		{0DAD47F1-799D-49AC-BEB9-42CC59CE609A} = {E58669E6-5D5C-46A6-ABE6-7AA5031CB0D9}
		{0F3637DB-D821-40D2-9525-2A2D0829CA08} = {86D34083-B194-42B3-A3FC-6A317626BE20}
		{ECA0CED7-86C1-4D7B-A326-402F52E082F1} = {86D34083-B194-42B3-A3FC-6A317626BE20}
		{6817D345-58D3-4E71-9173-48D5AB5C7EB3} = {86D34083-B194-42B3-A3FC-6A317626BE20}
		{2EF43497-6061-4C51-8BE5-5CF7A40F92BF} = {99EC8DA5-9C71-4E96-A63F-2751D0F4849D}
		{EADAEF1E-6DF2-48D8-8518-A420465702BD} = {99EC8DA5-9C71-4E96-A63F-2751D0F4849D}
		{F6BC293A-6B5F-4099-B03B-DEDA8886F236} = {99EC8DA5-9C71-4E96-A63F-2751D0F4849D}
	EndGlobalSection
	GlobalSection(ExtensibilityGlobals) = postSolution
		SolutionGuid = {8FE57F73-C6E1-41E8-8ACC-0A0F4297C043}
	EndGlobalSection
EndGlobal
